
Microsoft Visual Studio Solution File, Format Version 12.00
# Visual Studio Version 16
VisualStudioVersion = 16.0.31729.503
MinimumVisualStudioVersion = 10.0.40219.1
Project("{FAE04EC0-301F-11D3-BF4B-00C04F79EFBC}") = "APIRestful", "APIRestful\APIRestful.csproj", "{B3DCE23D-AE25-493E-8457-DA00AC5B75CF}"
EndProject
Global
	GlobalSection(SolutionConfigurationPlatforms) = preSolution
		Debug|Any CPU = Debug|Any CPU
		Release|Any CPU = Release|Any CPU
	EndGlobalSection
	GlobalSection(ProjectConfigurationPlatforms) = postSolution
		{B3DCE23D-AE25-493E-8457-DA00AC5B75CF}.Debug|Any CPU.ActiveCfg = Debug|Any CPU
		{B3DCE23D-AE25-493E-8457-DA00AC5B75CF}.Debug|Any CPU.Build.0 = Debug|Any CPU
		{B3DCE23D-AE25-493E-8457-DA00AC5B75CF}.Release|Any CPU.ActiveCfg = Release|Any CPU
		{B3DCE23D-AE25-493E-8457-DA00AC5B75CF}.Release|Any CPU.Build.0 = Release|Any CPU
	EndGlobalSection
	GlobalSection(SolutionProperties) = preSolution
		HideSolutionNode = FALSE
	EndGlobalSection
	GlobalSection(ExtensibilityGlobals) = postSolution
		SolutionGuid = {AA13921A-2F24-4C0B-A931-6382A93A8566}
	EndGlobalSection
EndGlobal
